// !$*UTF8*$!
{
	archiveVersion = 1;
	classes = {
	};
	objectVersion = 46;
	objects = {

/* Begin PBXBuildFile section */
		76C8EC801DD333AE00D97D42 /* main.m in Sources */ = {isa = PBXBuildFile; fileRef = 76C8EC7F1DD333AE00D97D42 /* main.m */; };
		76C8EC831DD333AE00D97D42 /* AppDelegate.m in Sources */ = {isa = PBXBuildFile; fileRef = 76C8EC821DD333AE00D97D42 /* AppDelegate.m */; };
		76C8EC891DD333AE00D97D42 /* Main.storyboard in Resources */ = {isa = PBXBuildFile; fileRef = 76C8EC871DD333AE00D97D42 /* Main.storyboard */; };
		76C8EC8C1DD333AE00D97D42 /* SkillApp.xcdatamodeld in Sources */ = {isa = PBXBuildFile; fileRef = 76C8EC8A1DD333AE00D97D42 /* SkillApp.xcdatamodeld */; };
		76C8EC8E1DD333AE00D97D42 /* Assets.xcassets in Resources */ = {isa = PBXBuildFile; fileRef = 76C8EC8D1DD333AE00D97D42 /* Assets.xcassets */; };
		76C8EC911DD333AE00D97D42 /* LaunchScreen.storyboard in Resources */ = {isa = PBXBuildFile; fileRef = 76C8EC8F1DD333AE00D97D42 /* LaunchScreen.storyboard */; };
		76C8EC9A1DD5C2F600D97D42 /* TMViewController.m in Sources */ = {isa = PBXBuildFile; fileRef = 76C8EC991DD5C2F600D97D42 /* TMViewController.m */; };
		76C8ECA31DD9F73B00D97D42 /* TMHistoryCell.m in Sources */ = {isa = PBXBuildFile; fileRef = 76C8ECA21DD9F73B00D97D42 /* TMHistoryCell.m */; };
		76C8ECA61DDADCAA00D97D42 /* TMFilterFactory.m in Sources */ = {isa = PBXBuildFile; fileRef = 76C8ECA51DDADCAA00D97D42 /* TMFilterFactory.m */; };
		76C8ECA91DDAEACE00D97D42 /* TMDownloadManager.m in Sources */ = {isa = PBXBuildFile; fileRef = 76C8ECA81DDAEACD00D97D42 /* TMDownloadManager.m */; };
/* End PBXBuildFile section */

/* Begin PBXFileReference section */
		76C8EC7B1DD333AE00D97D42 /* SkillApp.app */ = {isa = PBXFileReference; explicitFileType = wrapper.application; includeInIndex = 0; path = SkillApp.app; sourceTree = BUILT_PRODUCTS_DIR; };
		76C8EC7F1DD333AE00D97D42 /* main.m */ = {isa = PBXFileReference; lastKnownFileType = sourcecode.c.objc; path = main.m; sourceTree = "<group>"; };
		76C8EC811DD333AE00D97D42 /* AppDelegate.h */ = {isa = PBXFileReference; lastKnownFileType = sourcecode.c.h; path = AppDelegate.h; sourceTree = "<group>"; };
		76C8EC821DD333AE00D97D42 /* AppDelegate.m */ = {isa = PBXFileReference; lastKnownFileType = sourcecode.c.objc; path = AppDelegate.m; sourceTree = "<group>"; };
		76C8EC881DD333AE00D97D42 /* Base */ = {isa = PBXFileReference; lastKnownFileType = file.storyboard; name = Base; path = Base.lproj/Main.storyboard; sourceTree = "<group>"; };
		76C8EC8B1DD333AE00D97D42 /* SkillApp.xcdatamodel */ = {isa = PBXFileReference; lastKnownFileType = wrapper.xcdatamodel; path = SkillApp.xcdatamodel; sourceTree = "<group>"; };
		76C8EC8D1DD333AE00D97D42 /* Assets.xcassets */ = {isa = PBXFileReference; lastKnownFileType = folder.assetcatalog; path = Assets.xcassets; sourceTree = "<group>"; };
		76C8EC901DD333AE00D97D42 /* Base */ = {isa = PBXFileReference; lastKnownFileType = file.storyboard; name = Base; path = Base.lproj/LaunchScreen.storyboard; sourceTree = "<group>"; };
		76C8EC921DD333AE00D97D42 /* Info.plist */ = {isa = PBXFileReference; lastKnownFileType = text.plist.xml; path = Info.plist; sourceTree = "<group>"; };
		76C8EC981DD5C2F600D97D42 /* TMViewController.h */ = {isa = PBXFileReference; fileEncoding = 4; lastKnownFileType = sourcecode.c.h; path = TMViewController.h; sourceTree = "<group>"; };
		76C8EC991DD5C2F600D97D42 /* TMViewController.m */ = {isa = PBXFileReference; fileEncoding = 4; lastKnownFileType = sourcecode.c.objc; path = TMViewController.m; sourceTree = "<group>"; };
		76C8ECA11DD9F73B00D97D42 /* TMHistoryCell.h */ = {isa = PBXFileReference; fileEncoding = 4; lastKnownFileType = sourcecode.c.h; name = TMHistoryCell.h; path = ../TMHistoryCell.h; sourceTree = "<group>"; };
		76C8ECA21DD9F73B00D97D42 /* TMHistoryCell.m */ = {isa = PBXFileReference; fileEncoding = 4; lastKnownFileType = sourcecode.c.objc; name = TMHistoryCell.m; path = ../TMHistoryCell.m; sourceTree = "<group>"; };
		76C8ECA41DDADCAA00D97D42 /* TMFilterFactory.h */ = {isa = PBXFileReference; fileEncoding = 4; lastKnownFileType = sourcecode.c.h; path = TMFilterFactory.h; sourceTree = "<group>"; };
		76C8ECA51DDADCAA00D97D42 /* TMFilterFactory.m */ = {isa = PBXFileReference; fileEncoding = 4; lastKnownFileType = sourcecode.c.objc; path = TMFilterFactory.m; sourceTree = "<group>"; };
		76C8ECA71DDAEACD00D97D42 /* TMDownloadManager.h */ = {isa = PBXFileReference; fileEncoding = 4; lastKnownFileType = sourcecode.c.h; path = TMDownloadManager.h; sourceTree = "<group>"; };
		76C8ECA81DDAEACD00D97D42 /* TMDownloadManager.m */ = {isa = PBXFileReference; fileEncoding = 4; lastKnownFileType = sourcecode.c.objc; path = TMDownloadManager.m; sourceTree = "<group>"; };
/* End PBXFileReference section */

/* Begin PBXFrameworksBuildPhase section */
		76C8EC781DD333AE00D97D42 /* Frameworks */ = {
			isa = PBXFrameworksBuildPhase;
			buildActionMask = 2147483647;
			files = (
			);
			runOnlyForDeploymentPostprocessing = 0;
		};
/* End PBXFrameworksBuildPhase section */

/* Begin PBXGroup section */
		76C8EC721DD333AE00D97D42 = {
			isa = PBXGroup;
			children = (
				76C8ECA71DDAEACD00D97D42 /* TMDownloadManager.h */,
				76C8ECA81DDAEACD00D97D42 /* TMDownloadManager.m */,
				76C8ECA41DDADCAA00D97D42 /* TMFilterFactory.h */,
				76C8ECA51DDADCAA00D97D42 /* TMFilterFactory.m */,
				76C8EC7D1DD333AE00D97D42 /* SkillApp */,
				76C8EC7C1DD333AE00D97D42 /* Products */,
			);
			sourceTree = "<group>";
		};
		76C8EC7C1DD333AE00D97D42 /* Products */ = {
			isa = PBXGroup;
			children = (
				76C8EC7B1DD333AE00D97D42 /* SkillApp.app */,
			);
			name = Products;
			sourceTree = "<group>";
		};
		76C8EC7D1DD333AE00D97D42 /* SkillApp */ = {
			isa = PBXGroup;
			children = (
				76C8ECA11DD9F73B00D97D42 /* TMHistoryCell.h */,
				76C8ECA21DD9F73B00D97D42 /* TMHistoryCell.m */,
				76C8EC811DD333AE00D97D42 /* AppDelegate.h */,
				76C8EC821DD333AE00D97D42 /* AppDelegate.m */,
				76C8EC871DD333AE00D97D42 /* Main.storyboard */,
				76C8EC8D1DD333AE00D97D42 /* Assets.xcassets */,
				76C8EC8F1DD333AE00D97D42 /* LaunchScreen.storyboard */,
				76C8EC921DD333AE00D97D42 /* Info.plist */,
				76C8EC8A1DD333AE00D97D42 /* SkillApp.xcdatamodeld */,
				76C8EC7E1DD333AE00D97D42 /* Supporting Files */,
				76C8EC981DD5C2F600D97D42 /* TMViewController.h */,
				76C8EC991DD5C2F600D97D42 /* TMViewController.m */,
			);
			path = SkillApp;
			sourceTree = "<group>";
		};
		76C8EC7E1DD333AE00D97D42 /* Supporting Files */ = {
			isa = PBXGroup;
			children = (
				76C8EC7F1DD333AE00D97D42 /* main.m */,
			);
			name = "Supporting Files";
			sourceTree = "<group>";
		};
/* End PBXGroup section */

/* Begin PBXNativeTarget section */
		76C8EC7A1DD333AE00D97D42 /* SkillApp */ = {
			isa = PBXNativeTarget;
			buildConfigurationList = 76C8EC951DD333AE00D97D42 /* Build configuration list for PBXNativeTarget "SkillApp" */;
			buildPhases = (
				76C8EC771DD333AE00D97D42 /* Sources */,
				76C8EC781DD333AE00D97D42 /* Frameworks */,
				76C8EC791DD333AE00D97D42 /* Resources */,
			);
			buildRules = (
			);
			dependencies = (
			);
			name = SkillApp;
			productName = SkillApp;
			productReference = 76C8EC7B1DD333AE00D97D42 /* SkillApp.app */;
			productType = "com.apple.product-type.application";
		};
/* End PBXNativeTarget section */

/* Begin PBXProject section */
		76C8EC731DD333AE00D97D42 /* Project object */ = {
			isa = PBXProject;
			attributes = {
				LastUpgradeCheck = 0800;
				ORGANIZATIONNAME = "Тарас";
				TargetAttributes = {
					76C8EC7A1DD333AE00D97D42 = {
						CreatedOnToolsVersion = 8.0;
						ProvisioningStyle = Automatic;
					};
				};
			};
			buildConfigurationList = 76C8EC761DD333AE00D97D42 /* Build configuration list for PBXProject "SkillApp" */;
			compatibilityVersion = "Xcode 3.2";
			developmentRegion = English;
			hasScannedForEncodings = 0;
			knownRegions = (
				en,
				Base,
			);
			mainGroup = 76C8EC721DD333AE00D97D42;
			productRefGroup = 76C8EC7C1DD333AE00D97D42 /* Products */;
			projectDirPath = "";
			projectRoot = "";
			targets = (
				76C8EC7A1DD333AE00D97D42 /* SkillApp */,
			);
		};
/* End PBXProject section */

/* Begin PBXResourcesBuildPhase section */
		76C8EC791DD333AE00D97D42 /* Resources */ = {
			isa = PBXResourcesBuildPhase;
			buildActionMask = 2147483647;
			files = (
				76C8EC911DD333AE00D97D42 /* LaunchScreen.storyboard in Resources */,
				76C8EC8E1DD333AE00D97D42 /* Assets.xcassets in Resources */,
				76C8EC891DD333AE00D97D42 /* Main.storyboard in Resources */,
			);
			runOnlyForDeploymentPostprocessing = 0;
		};
/* End PBXResourcesBuildPhase section */

/* Begin PBXSourcesBuildPhase section */
		76C8EC771DD333AE00D97D42 /* Sources */ = {
			isa = PBXSourcesBuildPhase;
			buildActionMask = 2147483647;
			files = (
				76C8ECA31DD9F73B00D97D42 /* TMHistoryCell.m in Sources */,
				76C8ECA91DDAEACE00D97D42 /* TMDownloadManager.m in Sources */,
				76C8EC8C1DD333AE00D97D42 /* SkillApp.xcdatamodeld in Sources */,
				76C8EC9A1DD5C2F600D97D42 /* TMViewController.m in Sources */,
				76C8EC831DD333AE00D97D42 /* AppDelegate.m in Sources */,
				76C8EC801DD333AE00D97D42 /* main.m in Sources */,
				76C8ECA61DDADCAA00D97D42 /* TMFilterFactory.m in Sources */,
			);
			runOnlyForDeploymentPostprocessing = 0;
		};
/* End PBXSourcesBuildPhase section */

/* Begin PBXVariantGroup section */
		76C8EC871DD333AE00D97D42 /* Main.storyboard */ = {
			isa = PBXVariantGroup;
			children = (
				76C8EC881DD333AE00D97D42 /* Base */,
			);
			name = Main.storyboard;
			sourceTree = "<group>";
		};
		76C8EC8F1DD333AE00D97D42 /* LaunchScreen.storyboard */ = {
			isa = PBXVariantGroup;
			children = (
				76C8EC901DD333AE00D97D42 /* Base */,
			);
			name = LaunchScreen.storyboard;
			sourceTree = "<group>";
		};
/* End PBXVariantGroup section */

/* Begin XCBuildConfiguration section */
		76C8EC931DD333AE00D97D42 /* Debug */ = {
			isa = XCBuildConfiguration;
			buildSettings = {
				ALWAYS_SEARCH_USER_PATHS = NO;
				CLANG_ANALYZER_NONNULL = YES;
				CLANG_CXX_LANGUAGE_STANDARD = "gnu++0x";
				CLANG_CXX_LIBRARY = "libc++";
				CLANG_ENABLE_MODULES = YES;
				CLANG_ENABLE_OBJC_ARC = YES;
				CLANG_WARN_BOOL_CONVERSION = YES;
				CLANG_WARN_CONSTANT_CONVERSION = YES;
				CLANG_WARN_DIRECT_OBJC_ISA_USAGE = YES_ERROR;
				CLANG_WARN_DOCUMENTATION_COMMENTS = YES;
				CLANG_WARN_EMPTY_BODY = YES;
				CLANG_WARN_ENUM_CONVERSION = YES;
				CLANG_WARN_INFINITE_RECURSION = YES;
				CLANG_WARN_INT_CONVERSION = YES;
				CLANG_WARN_OBJC_ROOT_CLASS = YES_ERROR;
				CLANG_WARN_SUSPICIOUS_MOVES = YES;
				CLANG_WARN_UNREACHABLE_CODE = YES;
				CLANG_WARN__DUPLICATE_METHOD_MATCH = YES;
				"CODE_SIGN_IDENTITY[sdk=iphoneos*]" = "iPhone Developer";
				COPY_PHASE_STRIP = NO;
				DEBUG_INFORMATION_FORMAT = dwarf;
				ENABLE_STRICT_OBJC_MSGSEND = YES;
				ENABLE_TESTABILITY = YES;
				GCC_C_LANGUAGE_STANDARD = gnu99;
				GCC_DYNAMIC_NO_PIC = NO;
				GCC_NO_COMMON_BLOCKS = YES;
				GCC_OPTIMIZATION_LEVEL = 0;
				GCC_PREPROCESSOR_DEFINITIONS = (
					"DEBUG=1",
					"$(inherited)",
				);
				GCC_WARN_64_TO_32_BIT_CONVERSION = YES;
				GCC_WARN_ABOUT_RETURN_TYPE = YES_ERROR;
				GCC_WARN_UNDECLARED_SELECTOR = YES;
				GCC_WARN_UNINITIALIZED_AUTOS = YES_AGGRESSIVE;
				GCC_WARN_UNUSED_FUNCTION = YES;
				GCC_WARN_UNUSED_VARIABLE = YES;
				IPHONEOS_DEPLOYMENT_TARGET = 10.0;
				MTL_ENABLE_DEBUG_INFO = YES;
				ONLY_ACTIVE_ARCH = YES;
				SDKROOT = iphoneos;
				TARGETED_DEVICE_FAMILY = "1,2";
			};
			name = Debug;
		};
		76C8EC941DD333AE00D97D42 /* Release */ = {
			isa = XCBuildConfiguration;
			buildSettings = {
				ALWAYS_SEARCH_USER_PATHS = NO;
				CLANG_ANALYZER_NONNULL = YES;
				CLANG_CXX_LANGUAGE_STANDARD = "gnu++0x";
				CLANG_CXX_LIBRARY = "libc++";
				CLANG_ENABLE_MODULES = YES;
				CLANG_ENABLE_OBJC_ARC = YES;
				CLANG_WARN_BOOL_CONVERSION = YES;
				CLANG_WARN_CONSTANT_CONVERSION = YES;
				CLANG_WARN_DIRECT_OBJC_ISA_USAGE = YES_ERROR;
				CLANG_WARN_DOCUMENTATION_COMMENTS = YES;
				CLANG_WARN_EMPTY_BODY = YES;
				CLANG_WARN_ENUM_CONVERSION = YES;
				CLANG_WARN_INFINITE_RECURSION = YES;
				CLANG_WARN_INT_CONVERSION = YES;
				CLANG_WARN_OBJC_ROOT_CLASS = YES_ERROR;
				CLANG_WARN_SUSPICIOUS_MOVES = YES;
				CLANG_WARN_UNREACHABLE_CODE = YES;
				CLANG_WARN__DUPLICATE_METHOD_MATCH = YES;
				"CODE_SIGN_IDENTITY[sdk=iphoneos*]" = "iPhone Developer";
				COPY_PHASE_STRIP = NO;
				DEBUG_INFORMATION_FORMAT = "dwarf-with-dsym";
				ENABLE_NS_ASSERTIONS = NO;
				ENABLE_STRICT_OBJC_MSGSEND = YES;
				GCC_C_LANGUAGE_STANDARD = gnu99;
				GCC_NO_COMMON_BLOCKS = YES;
				GCC_WARN_64_TO_32_BIT_CONVERSION = YES;
				GCC_WARN_ABOUT_RETURN_TYPE = YES_ERROR;
				GCC_WARN_UNDECLARED_SELECTOR = YES;
				GCC_WARN_UNINITIALIZED_AUTOS = YES_AGGRESSIVE;
				GCC_WARN_UNUSED_FUNCTION = YES;
				GCC_WARN_UNUSED_VARIABLE = YES;
				IPHONEOS_DEPLOYMENT_TARGET = 10.0;
				MTL_ENABLE_DEBUG_INFO = NO;
				SDKROOT = iphoneos;
				TARGETED_DEVICE_FAMILY = "1,2";
				VALIDATE_PRODUCT = YES;
			};
			name = Release;
		};
		76C8EC961DD333AE00D97D42 /* Debug */ = {
			isa = XCBuildConfiguration;
			buildSettings = {
				ASSETCATALOG_COMPILER_APPICON_NAME = AppIcon;
				"CODE_SIGN_IDENTITY[sdk=iphoneos*]" = "iPhone Developer";
				DEVELOPMENT_TEAM = "";
				INFOPLIST_FILE = SkillApp/Info.plist;
				IPHONEOS_DEPLOYMENT_TARGET = 8.0;
				LD_RUNPATH_SEARCH_PATHS = "$(inherited) @executable_path/Frameworks";
				PRODUCT_BUNDLE_IDENTIFIER = TM.SkillApp;
				PRODUCT_NAME = "$(TARGET_NAME)";
			};
			name = Debug;
		};
		76C8EC971DD333AE00D97D42 /* Release */ = {
			isa = XCBuildConfiguration;
			buildSettings = {
				ASSETCATALOG_COMPILER_APPICON_NAME = AppIcon;
				"CODE_SIGN_IDENTITY[sdk=iphoneos*]" = "iPhone Developer";
				DEVELOPMENT_TEAM = "";
				INFOPLIST_FILE = SkillApp/Info.plist;
				IPHONEOS_DEPLOYMENT_TARGET = 8.0;
				LD_RUNPATH_SEARCH_PATHS = "$(inherited) @executable_path/Frameworks";
				PRODUCT_BUNDLE_IDENTIFIER = TM.SkillApp;
				PRODUCT_NAME = "$(TARGET_NAME)";
			};
			name = Release;
		};
/* End XCBuildConfiguration section */

/* Begin XCConfigurationList section */
		76C8EC761DD333AE00D97D42 /* Build configuration list for PBXProject "SkillApp" */ = {
			isa = XCConfigurationList;
			buildConfigurations = (
				76C8EC931DD333AE00D97D42 /* Debug */,
				76C8EC941DD333AE00D97D42 /* Release */,
			);
			defaultConfigurationIsVisible = 0;
			defaultConfigurationName = Release;
		};
		76C8EC951DD333AE00D97D42 /* Build configuration list for PBXNativeTarget "SkillApp" */ = {
			isa = XCConfigurationList;
			buildConfigurations = (
				76C8EC961DD333AE00D97D42 /* Debug */,
				76C8EC971DD333AE00D97D42 /* Release */,
			);
			defaultConfigurationIsVisible = 0;
		};
/* End XCConfigurationList section */

/* Begin XCVersionGroup section */
		76C8EC8A1DD333AE00D97D42 /* SkillApp.xcdatamodeld */ = {
			isa = XCVersionGroup;
			children = (
				76C8EC8B1DD333AE00D97D42 /* SkillApp.xcdatamodel */,
			);
			currentVersion = 76C8EC8B1DD333AE00D97D42 /* SkillApp.xcdatamodel */;
			path = SkillApp.xcdatamodeld;
			sourceTree = "<group>";
			versionGroupType = wrapper.xcdatamodel;
		};
/* End XCVersionGroup section */
	};
	rootObject = 76C8EC731DD333AE00D97D42 /* Project object */;
}
